
Microsoft Visual Studio Solution File, Format Version 12.00
# Visual Studio Version 16
VisualStudioVersion = 16.0.29326.143
MinimumVisualStudioVersion = 10.0.40219.1
Project("{FAE04EC0-301F-11D3-BF4B-00C04F79EFBC}") = "BoB.TestWebsite", "BoB.TestWebsite\BoB.TestWebsite.csproj", "{9D3AFE49-755D-4851-9EEC-115B8380EB53}"
EndProject
Global
	GlobalSection(SolutionConfigurationPlatforms) = preSolution
		Debug|Any CPU = Debug|Any CPU
		Release|Any CPU = Release|Any CPU
	EndGlobalSection
	GlobalSection(ProjectConfigurationPlatforms) = postSolution
		{9D3AFE49-755D-4851-9EEC-115B8380EB53}.Debug|Any CPU.ActiveCfg = Debug|Any CPU
		{9D3AFE49-755D-4851-9EEC-115B8380EB53}.Debug|Any CPU.Build.0 = Debug|Any CPU
		{9D3AFE49-755D-4851-9EEC-115B8380EB53}.Release|Any CPU.ActiveCfg = Release|Any CPU
		{9D3AFE49-755D-4851-9EEC-115B8380EB53}.Release|Any CPU.Build.0 = Release|Any CPU
	EndGlobalSection
	GlobalSection(SolutionProperties) = preSolution
		HideSolutionNode = FALSE
	EndGlobalSection
	GlobalSection(ExtensibilityGlobals) = postSolution
		SolutionGuid = {0C2269C5-7CF7-4EC9-8D09-1589D95ECEC4}
	EndGlobalSection
EndGlobal
