
Microsoft Visual Studio Solution File, Format Version 12.00
# Visual Studio Version 16
VisualStudioVersion = 16.0.29326.143
MinimumVisualStudioVersion = 10.0.40219.1
Project("{2150E333-8FDC-42A3-9474-1A3956D46DE8}") = "BoB.Base", "BoB.Base", "{991F6AD8-DE78-4763-B212-51A3F678A9E5}"
EndProject
Project("{2150E333-8FDC-42A3-9474-1A3956D46DE8}") = "BoB.Core", "BoB.Core", "{47245C68-BBBB-4B8C-B645-EAD30A1EB18F}"
EndProject
Project("{2150E333-8FDC-42A3-9474-1A3956D46DE8}") = "BoB.Module", "BoB.Module", "{FC2317B7-69C6-4F79-B559-E6F85F96D37C}"
EndProject
Project("{2150E333-8FDC-42A3-9474-1A3956D46DE8}") = "BoB.Use", "BoB.Use", "{33EAD9FB-7AE9-45DD-A9CB-F89AD2D2DF1F}"
EndProject
Project("{9A19103F-16F7-4668-BE54-9A1E7A4F7556}") = "BoB.Api", "BoB.Api\BoB.Api.csproj", "{3518FA1D-5DCD-4A6F-8B71-FE5B66ABFE79}"
EndProject
Project("{9A19103F-16F7-4668-BE54-9A1E7A4F7556}") = "BoB.EFDbContext", "BoB.EFDbContext\BoB.EFDbContext.csproj", "{B6049C13-B35D-4A68-9B27-CBE9C1DDCC35}"
EndProject
Project("{9A19103F-16F7-4668-BE54-9A1E7A4F7556}") = "BoB.BoBConfiguration", "BoB.BaseConfiguration\BoB.BoBConfiguration.csproj", "{43D75AB9-3643-4ED3-ABA2-ECC688D551CA}"
EndProject
Project("{9A19103F-16F7-4668-BE54-9A1E7A4F7556}") = "BoB.UseBus", "BoB.UseBus\BoB.UseBus.csproj", "{C68E8C4D-5182-4F06-B10E-F6DA8DDE4532}"
EndProject
Project("{9A19103F-16F7-4668-BE54-9A1E7A4F7556}") = "BoB.BaseModule", "BoB.BaseModule\BoB.BaseModule.csproj", "{8FAF553C-1D48-4E8E-837C-8822690CCC30}"
EndProject
Project("{9A19103F-16F7-4668-BE54-9A1E7A4F7556}") = "BoB.ExtendAndHelper", "BoB.ExtendAndHelper\BoB.ExtendAndHelper.csproj", "{4971B695-115B-49AE-97C7-580C31CD6009}"
EndProject
Project("{9A19103F-16F7-4668-BE54-9A1E7A4F7556}") = "BoB.LanguageManager", "BoB.LanguageManager\BoB.LanguageManager.csproj", "{F25797A8-0C3C-466A-963D-8FC25B7D1268}"
EndProject
Project("{9A19103F-16F7-4668-BE54-9A1E7A4F7556}") = "BoB.CacheManager", "BoB.CacheManager\BoB.CacheManager.csproj", "{934A8B0E-D5D7-4080-8FD7-FE44EEEF8F3B}"
EndProject
Project("{9A19103F-16F7-4668-BE54-9A1E7A4F7556}") = "BoB.ContainManager", "BoB.ContainManager\BoB.ContainManager.csproj", "{F278EF84-E755-4FC9-AB3F-491A34E874C3}"
EndProject
Project("{9A19103F-16F7-4668-BE54-9A1E7A4F7556}") = "BoB.BoBLogger", "BoB.BoBLogger\BoB.BoBLogger.csproj", "{DDD48530-83EA-470A-951A-5EAE077A732A}"
EndProject
Project("{9A19103F-16F7-4668-BE54-9A1E7A4F7556}") = "BoB.BoBExceptions", "BoB.BoBExceptions\BoB.BoBExceptions.csproj", "{67DE16A9-73D2-4C3D-8718-C22428469FE8}"
EndProject
Project("{9A19103F-16F7-4668-BE54-9A1E7A4F7556}") = "BoB.AutoMapperManager", "BoB.AutoMapperManager\BoB.AutoMapperManager.csproj", "{435E945D-636E-41CE-981C-C8B38F670811}"
EndProject
Project("{FAE04EC0-301F-11D3-BF4B-00C04F79EFBC}") = "BoB.MainDatabase", "BoB.MainDatabase\BoB.MainDatabase.csproj", "{F12C2810-00C2-444A-B7E4-B283F32CF7F4}"
EndProject
Project("{2150E333-8FDC-42A3-9474-1A3956D46DE8}") = "OTO", "OTO", "{0895E588-157C-46CF-988F-CB4207C596D2}"
EndProject
Project("{2150E333-8FDC-42A3-9474-1A3956D46DE8}") = "Actions", "Actions", "{88D825B7-9DB4-48B0-8938-9ABAC4CFE526}"
EndProject
Project("{FAE04EC0-301F-11D3-BF4B-00C04F79EFBC}") = "BoB.PeopleEntities", "BoB.PeopleEntities\BoB.PeopleEntities.csproj", "{13192A34-2B12-4661-AE09-646D3F6BC726}"
EndProject
Project("{FAE04EC0-301F-11D3-BF4B-00C04F79EFBC}") = "BoB.WorldAction", "BoB.WorldAction\BoB.WorldAction.csproj", "{300D163C-2B32-4BE9-B6FE-0DC972AAB073}"
EndProject
Project("{FAE04EC0-301F-11D3-BF4B-00C04F79EFBC}") = "BoB.HelloWorldApi", "BoB.HelloWorldApi\BoB.HelloWorldApi.csproj", "{9CB2B087-5127-425A-B10F-87EA17A0C563}"
EndProject
Global
	GlobalSection(SolutionConfigurationPlatforms) = preSolution
		Debug|Any CPU = Debug|Any CPU
		Release|Any CPU = Release|Any CPU
	EndGlobalSection
	GlobalSection(ProjectConfigurationPlatforms) = postSolution
		{3518FA1D-5DCD-4A6F-8B71-FE5B66ABFE79}.Debug|Any CPU.ActiveCfg = Debug|Any CPU
		{3518FA1D-5DCD-4A6F-8B71-FE5B66ABFE79}.Debug|Any CPU.Build.0 = Debug|Any CPU
		{3518FA1D-5DCD-4A6F-8B71-FE5B66ABFE79}.Release|Any CPU.ActiveCfg = Release|Any CPU
		{3518FA1D-5DCD-4A6F-8B71-FE5B66ABFE79}.Release|Any CPU.Build.0 = Release|Any CPU
		{B6049C13-B35D-4A68-9B27-CBE9C1DDCC35}.Debug|Any CPU.ActiveCfg = Debug|Any CPU
		{B6049C13-B35D-4A68-9B27-CBE9C1DDCC35}.Debug|Any CPU.Build.0 = Debug|Any CPU
		{B6049C13-B35D-4A68-9B27-CBE9C1DDCC35}.Release|Any CPU.ActiveCfg = Release|Any CPU
		{B6049C13-B35D-4A68-9B27-CBE9C1DDCC35}.Release|Any CPU.Build.0 = Release|Any CPU
		{43D75AB9-3643-4ED3-ABA2-ECC688D551CA}.Debug|Any CPU.ActiveCfg = Debug|Any CPU
		{43D75AB9-3643-4ED3-ABA2-ECC688D551CA}.Debug|Any CPU.Build.0 = Debug|Any CPU
		{43D75AB9-3643-4ED3-ABA2-ECC688D551CA}.Release|Any CPU.ActiveCfg = Release|Any CPU
		{43D75AB9-3643-4ED3-ABA2-ECC688D551CA}.Release|Any CPU.Build.0 = Release|Any CPU
		{C68E8C4D-5182-4F06-B10E-F6DA8DDE4532}.Debug|Any CPU.ActiveCfg = Debug|Any CPU
		{C68E8C4D-5182-4F06-B10E-F6DA8DDE4532}.Debug|Any CPU.Build.0 = Debug|Any CPU
		{C68E8C4D-5182-4F06-B10E-F6DA8DDE4532}.Release|Any CPU.ActiveCfg = Release|Any CPU
		{C68E8C4D-5182-4F06-B10E-F6DA8DDE4532}.Release|Any CPU.Build.0 = Release|Any CPU
		{8FAF553C-1D48-4E8E-837C-8822690CCC30}.Debug|Any CPU.ActiveCfg = Debug|Any CPU
		{8FAF553C-1D48-4E8E-837C-8822690CCC30}.Debug|Any CPU.Build.0 = Debug|Any CPU
		{8FAF553C-1D48-4E8E-837C-8822690CCC30}.Release|Any CPU.ActiveCfg = Release|Any CPU
		{8FAF553C-1D48-4E8E-837C-8822690CCC30}.Release|Any CPU.Build.0 = Release|Any CPU
		{4971B695-115B-49AE-97C7-580C31CD6009}.Debug|Any CPU.ActiveCfg = Debug|Any CPU
		{4971B695-115B-49AE-97C7-580C31CD6009}.Debug|Any CPU.Build.0 = Debug|Any CPU
		{4971B695-115B-49AE-97C7-580C31CD6009}.Release|Any CPU.ActiveCfg = Release|Any CPU
		{4971B695-115B-49AE-97C7-580C31CD6009}.Release|Any CPU.Build.0 = Release|Any CPU
		{F25797A8-0C3C-466A-963D-8FC25B7D1268}.Debug|Any CPU.ActiveCfg = Debug|Any CPU
		{F25797A8-0C3C-466A-963D-8FC25B7D1268}.Debug|Any CPU.Build.0 = Debug|Any CPU
		{F25797A8-0C3C-466A-963D-8FC25B7D1268}.Release|Any CPU.ActiveCfg = Release|Any CPU
		{F25797A8-0C3C-466A-963D-8FC25B7D1268}.Release|Any CPU.Build.0 = Release|Any CPU
		{934A8B0E-D5D7-4080-8FD7-FE44EEEF8F3B}.Debug|Any CPU.ActiveCfg = Debug|Any CPU
		{934A8B0E-D5D7-4080-8FD7-FE44EEEF8F3B}.Debug|Any CPU.Build.0 = Debug|Any CPU
		{934A8B0E-D5D7-4080-8FD7-FE44EEEF8F3B}.Release|Any CPU.ActiveCfg = Release|Any CPU
		{934A8B0E-D5D7-4080-8FD7-FE44EEEF8F3B}.Release|Any CPU.Build.0 = Release|Any CPU
		{F278EF84-E755-4FC9-AB3F-491A34E874C3}.Debug|Any CPU.ActiveCfg = Debug|Any CPU
		{F278EF84-E755-4FC9-AB3F-491A34E874C3}.Debug|Any CPU.Build.0 = Debug|Any CPU
		{F278EF84-E755-4FC9-AB3F-491A34E874C3}.Release|Any CPU.ActiveCfg = Release|Any CPU
		{F278EF84-E755-4FC9-AB3F-491A34E874C3}.Release|Any CPU.Build.0 = Release|Any CPU
		{DDD48530-83EA-470A-951A-5EAE077A732A}.Debug|Any CPU.ActiveCfg = Debug|Any CPU
		{DDD48530-83EA-470A-951A-5EAE077A732A}.Debug|Any CPU.Build.0 = Debug|Any CPU
		{DDD48530-83EA-470A-951A-5EAE077A732A}.Release|Any CPU.ActiveCfg = Release|Any CPU
		{DDD48530-83EA-470A-951A-5EAE077A732A}.Release|Any CPU.Build.0 = Release|Any CPU
		{67DE16A9-73D2-4C3D-8718-C22428469FE8}.Debug|Any CPU.ActiveCfg = Debug|Any CPU
		{67DE16A9-73D2-4C3D-8718-C22428469FE8}.Debug|Any CPU.Build.0 = Debug|Any CPU
		{67DE16A9-73D2-4C3D-8718-C22428469FE8}.Release|Any CPU.ActiveCfg = Release|Any CPU
		{67DE16A9-73D2-4C3D-8718-C22428469FE8}.Release|Any CPU.Build.0 = Release|Any CPU
		{435E945D-636E-41CE-981C-C8B38F670811}.Debug|Any CPU.ActiveCfg = Debug|Any CPU
		{435E945D-636E-41CE-981C-C8B38F670811}.Debug|Any CPU.Build.0 = Debug|Any CPU
		{435E945D-636E-41CE-981C-C8B38F670811}.Release|Any CPU.ActiveCfg = Release|Any CPU
		{435E945D-636E-41CE-981C-C8B38F670811}.Release|Any CPU.Build.0 = Release|Any CPU
		{F12C2810-00C2-444A-B7E4-B283F32CF7F4}.Debug|Any CPU.ActiveCfg = Debug|Any CPU
		{F12C2810-00C2-444A-B7E4-B283F32CF7F4}.Debug|Any CPU.Build.0 = Debug|Any CPU
		{F12C2810-00C2-444A-B7E4-B283F32CF7F4}.Release|Any CPU.ActiveCfg = Release|Any CPU
		{F12C2810-00C2-444A-B7E4-B283F32CF7F4}.Release|Any CPU.Build.0 = Release|Any CPU
		{13192A34-2B12-4661-AE09-646D3F6BC726}.Debug|Any CPU.ActiveCfg = Debug|Any CPU
		{13192A34-2B12-4661-AE09-646D3F6BC726}.Debug|Any CPU.Build.0 = Debug|Any CPU
		{13192A34-2B12-4661-AE09-646D3F6BC726}.Release|Any CPU.ActiveCfg = Release|Any CPU
		{13192A34-2B12-4661-AE09-646D3F6BC726}.Release|Any CPU.Build.0 = Release|Any CPU
		{300D163C-2B32-4BE9-B6FE-0DC972AAB073}.Debug|Any CPU.ActiveCfg = Debug|Any CPU
		{300D163C-2B32-4BE9-B6FE-0DC972AAB073}.Debug|Any CPU.Build.0 = Debug|Any CPU
		{300D163C-2B32-4BE9-B6FE-0DC972AAB073}.Release|Any CPU.ActiveCfg = Release|Any CPU
		{300D163C-2B32-4BE9-B6FE-0DC972AAB073}.Release|Any CPU.Build.0 = Release|Any CPU
		{9CB2B087-5127-425A-B10F-87EA17A0C563}.Debug|Any CPU.ActiveCfg = Debug|Any CPU
		{9CB2B087-5127-425A-B10F-87EA17A0C563}.Debug|Any CPU.Build.0 = Debug|Any CPU
		{9CB2B087-5127-425A-B10F-87EA17A0C563}.Release|Any CPU.ActiveCfg = Release|Any CPU
		{9CB2B087-5127-425A-B10F-87EA17A0C563}.Release|Any CPU.Build.0 = Release|Any CPU
	EndGlobalSection
	GlobalSection(SolutionProperties) = preSolution
		HideSolutionNode = FALSE
	EndGlobalSection
	GlobalSection(NestedProjects) = preSolution
		{3518FA1D-5DCD-4A6F-8B71-FE5B66ABFE79} = {991F6AD8-DE78-4763-B212-51A3F678A9E5}
		{B6049C13-B35D-4A68-9B27-CBE9C1DDCC35} = {991F6AD8-DE78-4763-B212-51A3F678A9E5}
		{43D75AB9-3643-4ED3-ABA2-ECC688D551CA} = {991F6AD8-DE78-4763-B212-51A3F678A9E5}
		{C68E8C4D-5182-4F06-B10E-F6DA8DDE4532} = {33EAD9FB-7AE9-45DD-A9CB-F89AD2D2DF1F}
		{8FAF553C-1D48-4E8E-837C-8822690CCC30} = {991F6AD8-DE78-4763-B212-51A3F678A9E5}
		{4971B695-115B-49AE-97C7-580C31CD6009} = {991F6AD8-DE78-4763-B212-51A3F678A9E5}
		{F25797A8-0C3C-466A-963D-8FC25B7D1268} = {991F6AD8-DE78-4763-B212-51A3F678A9E5}
		{934A8B0E-D5D7-4080-8FD7-FE44EEEF8F3B} = {991F6AD8-DE78-4763-B212-51A3F678A9E5}
		{F278EF84-E755-4FC9-AB3F-491A34E874C3} = {991F6AD8-DE78-4763-B212-51A3F678A9E5}
		{DDD48530-83EA-470A-951A-5EAE077A732A} = {991F6AD8-DE78-4763-B212-51A3F678A9E5}
		{67DE16A9-73D2-4C3D-8718-C22428469FE8} = {991F6AD8-DE78-4763-B212-51A3F678A9E5}
		{435E945D-636E-41CE-981C-C8B38F670811} = {991F6AD8-DE78-4763-B212-51A3F678A9E5}
		{F12C2810-00C2-444A-B7E4-B283F32CF7F4} = {47245C68-BBBB-4B8C-B645-EAD30A1EB18F}
		{0895E588-157C-46CF-988F-CB4207C596D2} = {FC2317B7-69C6-4F79-B559-E6F85F96D37C}
		{88D825B7-9DB4-48B0-8938-9ABAC4CFE526} = {FC2317B7-69C6-4F79-B559-E6F85F96D37C}
		{13192A34-2B12-4661-AE09-646D3F6BC726} = {0895E588-157C-46CF-988F-CB4207C596D2}
		{300D163C-2B32-4BE9-B6FE-0DC972AAB073} = {88D825B7-9DB4-48B0-8938-9ABAC4CFE526}
		{9CB2B087-5127-425A-B10F-87EA17A0C563} = {33EAD9FB-7AE9-45DD-A9CB-F89AD2D2DF1F}
	EndGlobalSection
	GlobalSection(ExtensibilityGlobals) = postSolution
		SolutionGuid = {0C2269C5-7CF7-4EC9-8D09-1589D95ECEC4}
	EndGlobalSection
EndGlobal
